{
  "nodes": {
    "flakeNimbleLib": {
      "inputs": {
        "nixpkgs": [
          "nixpkgs"
        ]
      },
      "locked": {
        "lastModified": 1662018438,
        "narHash": "sha256-QtNtU6+LX3Wokxf0zlFwKTFOcn6TeDjKQZ+DA9OYtvM=",
        "owner": "riinr",
        "repo": "nim-flakes-lib",
        "rev": "b1fe8340736e3a85d25c709ac3dfd82a55c03cbf",
        "type": "github"
      },
      "original": {
        "owner": "riinr",
        "ref": "master",
        "repo": "nim-flakes-lib",
        "type": "github"
      }
    },
    "nixpkgs": {
      "locked": {
        "lastModified": 1667199707,
        "narHash": "sha256-I2Js3Y7gUyVSEXPULHlBoRek4Lh85vnevdS6mdvDNLI=",
        "owner": "NixOS",
        "repo": "nixpkgs",
        "rev": "ced197be72099edcfa68ebed8b87af7b04851f45",
        "type": "github"
      },
      "original": {
        "id": "nixpkgs",
        "type": "indirect"
      }
    },
    "root": {
      "inputs": {
        "flakeNimbleLib": "flakeNimbleLib",
        "nixpkgs": "nixpkgs",
        "samson-master": "samson-master"
      }
    },
    "samson-master": {
      "inputs": {
        "flakeNimbleLib": [
          "flakeNimbleLib"
        ],
        "nixpkgs": [
          "nixpkgs"
        ],
        "src-samson-master": "src-samson-master"
      },
      "locked": {
        "dir": "master",
        "lastModified": 1667322640,
        "narHash": "sha256-WLmT+X0BX75nDrS/7ZPn4DbYyOkMoew9jqsScQMPf8g=",
        "owner": "nim-nix-pkgs",
        "repo": "samson",
        "rev": "9f92dedb5b4e8b70ae251ebf0aac1e4ab2013cbc",
        "type": "github"
      },
      "original": {
        "dir": "master",
        "owner": "nim-nix-pkgs",
        "ref": "master",
        "repo": "samson",
        "type": "github"
      }
    },
    "src-samson-master": {
      "flake": false,
      "locked": {
        "lastModified": 1588100064,
        "narHash": "sha256-NWjuTCmf5L+9ohxFbcMTVHis3305VnKn5A40GMAFnNA=",
        "owner": "GULPF",
        "repo": "samson",
        "rev": "71ead61104302abfc0d4463c91f73a4126b2184c",
        "type": "github"
      },
      "original": {
        "owner": "GULPF",
        "ref": "refs/heads/master",
        "repo": "samson",
        "type": "github"
      }
    }
  },
  "root": "root",
  "version": 7
}
